
Microsoft Visual Studio Solution File, Format Version 12.00
# Visual Studio 2013
VisualStudioVersion = 12.0.21005.1
MinimumVisualStudioVersion = 10.0.40219.1
Project("{FAE04EC0-301F-11D3-BF4B-00C04F79EFBC}") = "WebApplication4", "WebApplication4\WebApplication4.csproj", "{70D89AD3-5008-4912-826E-9629CB13B3ED}"
EndProject
Project("{FAE04EC0-301F-11D3-BF4B-00C04F79EFBC}") = "BO", "BO\BO.csproj", "{866AF319-0CC0-49A1-BEC9-E9EF9497BE04}"
EndProject
Project("{FAE04EC0-301F-11D3-BF4B-00C04F79EFBC}") = "WindowsFormsApplication1", "..\WindowsFormsApplication1\WindowsFormsApplication1\WindowsFormsApplication1.csproj", "{319CCBC4-9F14-4515-AFCD-CCD55C4BD111}"
EndProject
Global
	GlobalSection(SolutionConfigurationPlatforms) = preSolution
		Debug|Any CPU = Debug|Any CPU
		Release|Any CPU = Release|Any CPU
	EndGlobalSection
	GlobalSection(ProjectConfigurationPlatforms) = postSolution
		{70D89AD3-5008-4912-826E-9629CB13B3ED}.Debug|Any CPU.ActiveCfg = Debug|Any CPU
		{70D89AD3-5008-4912-826E-9629CB13B3ED}.Debug|Any CPU.Build.0 = Debug|Any CPU
		{70D89AD3-5008-4912-826E-9629CB13B3ED}.Release|Any CPU.ActiveCfg = Release|Any CPU
		{70D89AD3-5008-4912-826E-9629CB13B3ED}.Release|Any CPU.Build.0 = Release|Any CPU
		{866AF319-0CC0-49A1-BEC9-E9EF9497BE04}.Debug|Any CPU.ActiveCfg = Debug|Any CPU
		{866AF319-0CC0-49A1-BEC9-E9EF9497BE04}.Debug|Any CPU.Build.0 = Debug|Any CPU
		{866AF319-0CC0-49A1-BEC9-E9EF9497BE04}.Release|Any CPU.ActiveCfg = Release|Any CPU
		{866AF319-0CC0-49A1-BEC9-E9EF9497BE04}.Release|Any CPU.Build.0 = Release|Any CPU
		{319CCBC4-9F14-4515-AFCD-CCD55C4BD111}.Debug|Any CPU.ActiveCfg = Debug|Any CPU
		{319CCBC4-9F14-4515-AFCD-CCD55C4BD111}.Debug|Any CPU.Build.0 = Debug|Any CPU
		{319CCBC4-9F14-4515-AFCD-CCD55C4BD111}.Release|Any CPU.ActiveCfg = Release|Any CPU
		{319CCBC4-9F14-4515-AFCD-CCD55C4BD111}.Release|Any CPU.Build.0 = Release|Any CPU
	EndGlobalSection
	GlobalSection(SolutionProperties) = preSolution
		HideSolutionNode = FALSE
	EndGlobalSection
EndGlobal
